%{
  "circuits_gpio": {:hex, :circuits_gpio, "0.4.5", "4d5b0f707c425fc56f03086232259f65482a3d1f1cf15335253636d0bb846446", [:make, :mix], [{:elixir_make, "~> 0.6", [hex: :elixir_make, repo: "hexpm", optional: false]}], "hexpm", "b42d28d60a6cfdfb6b21b66ab0b8c5de0ea5a32b390b61d2fe86a2ad8edb90ad"},
  "elixir_make": {:hex, :elixir_make, "0.6.1", "8faa29a5597faba999aeeb72bbb9c91694ef8068f0131192fb199f98d32994ef", [:mix], [], "hexpm", "35d33270680f8d839a4003c3e9f43afb595310a592405a00afc12de4c7f55a18"},
}
